
Microsoft Visual Studio Solution File, Format Version 12.00
# Visual Studio Version 17
VisualStudioVersion = 17.9.34728.123
MinimumVisualStudioVersion = 10.0.40219.1
Project("{9A19103F-16F7-4668-BE54-9A1E7A4F7556}") = "HP", "HP\HP.csproj", "{08561D2E-3E53-468C-A346-CA914B0D667A}"
EndProject
Project("{9A19103F-16F7-4668-BE54-9A1E7A4F7556}") = "PRGRM", "PRGRM\PRGRM.csproj", "{C1BC0E64-7112-4CDE-890E-87C234032E10}"
EndProject
Project("{FAE04EC0-301F-11D3-BF4B-00C04F79EFBC}") = "Database", "Database\Database.csproj", "{7687DF82-8CD1-4090-BCC5-1BCE2CC1A1D4}"
EndProject
Global
	GlobalSection(SolutionConfigurationPlatforms) = preSolution
		Debug|Any CPU = Debug|Any CPU
		Release|Any CPU = Release|Any CPU
	EndGlobalSection
	GlobalSection(ProjectConfigurationPlatforms) = postSolution
		{08561D2E-3E53-468C-A346-CA914B0D667A}.Debug|Any CPU.ActiveCfg = Debug|Any CPU
		{08561D2E-3E53-468C-A346-CA914B0D667A}.Debug|Any CPU.Build.0 = Debug|Any CPU
		{08561D2E-3E53-468C-A346-CA914B0D667A}.Release|Any CPU.ActiveCfg = Release|Any CPU
		{08561D2E-3E53-468C-A346-CA914B0D667A}.Release|Any CPU.Build.0 = Release|Any CPU
		{C1BC0E64-7112-4CDE-890E-87C234032E10}.Debug|Any CPU.ActiveCfg = Debug|Any CPU
		{C1BC0E64-7112-4CDE-890E-87C234032E10}.Debug|Any CPU.Build.0 = Debug|Any CPU
		{C1BC0E64-7112-4CDE-890E-87C234032E10}.Release|Any CPU.ActiveCfg = Release|Any CPU
		{C1BC0E64-7112-4CDE-890E-87C234032E10}.Release|Any CPU.Build.0 = Release|Any CPU
		{7687DF82-8CD1-4090-BCC5-1BCE2CC1A1D4}.Debug|Any CPU.ActiveCfg = Debug|Any CPU
		{7687DF82-8CD1-4090-BCC5-1BCE2CC1A1D4}.Debug|Any CPU.Build.0 = Debug|Any CPU
		{7687DF82-8CD1-4090-BCC5-1BCE2CC1A1D4}.Release|Any CPU.ActiveCfg = Release|Any CPU
		{7687DF82-8CD1-4090-BCC5-1BCE2CC1A1D4}.Release|Any CPU.Build.0 = Release|Any CPU
	EndGlobalSection
	GlobalSection(SolutionProperties) = preSolution
		HideSolutionNode = FALSE
	EndGlobalSection
	GlobalSection(ExtensibilityGlobals) = postSolution
		SolutionGuid = {5FFECE75-DA4D-48F1-9D40-496B46C7F447}
	EndGlobalSection
EndGlobal
